
Microsoft Visual Studio Solution File, Format Version 12.00
# Visual Studio Version 17
VisualStudioVersion = 17.11.35312.102
MinimumVisualStudioVersion = 10.0.40219.1
Project("{FAE04EC0-301F-11D3-BF4B-00C04F79EFBC}") = "NullReferenceLogic", "NullReferenceLogic.csproj", "{979C0D81-E29B-4877-81D1-03DA136FD227}"
EndProject
Global
	GlobalSection(SolutionConfigurationPlatforms) = preSolution
		Debug|Any CPU = Debug|Any CPU
		Release|Any CPU = Release|Any CPU
	EndGlobalSection
	GlobalSection(ProjectConfigurationPlatforms) = postSolution
		{979C0D81-E29B-4877-81D1-03DA136FD227}.Debug|Any CPU.ActiveCfg = Debug|Any CPU
		{979C0D81-E29B-4877-81D1-03DA136FD227}.Debug|Any CPU.Build.0 = Debug|Any CPU
		{979C0D81-E29B-4877-81D1-03DA136FD227}.Release|Any CPU.ActiveCfg = Release|Any CPU
		{979C0D81-E29B-4877-81D1-03DA136FD227}.Release|Any CPU.Build.0 = Release|Any CPU
	EndGlobalSection
	GlobalSection(SolutionProperties) = preSolution
		HideSolutionNode = FALSE
	EndGlobalSection
	GlobalSection(ExtensibilityGlobals) = postSolution
		SolutionGuid = {CA6F3564-D4BB-47DB-840B-D7B6F6E9B899}
	EndGlobalSection
EndGlobal
